
Microsoft Visual Studio Solution File, Format Version 12.00
# Visual Studio Version 17
VisualStudioVersion = 17.0.31919.166
MinimumVisualStudioVersion = 10.0.40219.1
Project("{9A19103F-16F7-4668-BE54-9A1E7A4F7556}") = "AssignmentManager.Data", "AssignmentManager.Data\AssignmentManager.Data.csproj", "{96758E46-D322-45AB-BA99-D33840B66E30}"
EndProject
Project("{9A19103F-16F7-4668-BE54-9A1E7A4F7556}") = "AssignmentManager.Services", "AssignmentManager.Services\AssignmentManager.Services.csproj", "{64B3A3B6-1211-49E7-A2A0-FF3014859821}"
EndProject
Project("{9A19103F-16F7-4668-BE54-9A1E7A4F7556}") = "AssignmentManager.Web", "AssignmentManager.Web\AssignmentManager.Web.csproj", "{070D31F1-C05C-4C48-806C-209D55482EDC}"
EndProject
Project("{2150E333-8FDC-42A3-9474-1A3956D46DE8}") = "Tests", "Tests", "{39F94491-8495-4B8A-8713-DB4ACD706296}"
EndProject
Project("{FAE04EC0-301F-11D3-BF4B-00C04F79EFBC}") = "AssignmentManager.Services.Tests", "Tests\AssignmentManager.Services.Tests\AssignmentManager.Services.Tests.csproj", "{00A30424-8C00-4DD7-8758-0052DE8B1EFB}"
EndProject
Global
	GlobalSection(SolutionConfigurationPlatforms) = preSolution
		Debug|Any CPU = Debug|Any CPU
		Release|Any CPU = Release|Any CPU
	EndGlobalSection
	GlobalSection(ProjectConfigurationPlatforms) = postSolution
		{96758E46-D322-45AB-BA99-D33840B66E30}.Debug|Any CPU.ActiveCfg = Debug|Any CPU
		{96758E46-D322-45AB-BA99-D33840B66E30}.Debug|Any CPU.Build.0 = Debug|Any CPU
		{96758E46-D322-45AB-BA99-D33840B66E30}.Release|Any CPU.ActiveCfg = Release|Any CPU
		{96758E46-D322-45AB-BA99-D33840B66E30}.Release|Any CPU.Build.0 = Release|Any CPU
		{64B3A3B6-1211-49E7-A2A0-FF3014859821}.Debug|Any CPU.ActiveCfg = Debug|Any CPU
		{64B3A3B6-1211-49E7-A2A0-FF3014859821}.Debug|Any CPU.Build.0 = Debug|Any CPU
		{64B3A3B6-1211-49E7-A2A0-FF3014859821}.Release|Any CPU.ActiveCfg = Release|Any CPU
		{64B3A3B6-1211-49E7-A2A0-FF3014859821}.Release|Any CPU.Build.0 = Release|Any CPU
		{070D31F1-C05C-4C48-806C-209D55482EDC}.Debug|Any CPU.ActiveCfg = Debug|Any CPU
		{070D31F1-C05C-4C48-806C-209D55482EDC}.Debug|Any CPU.Build.0 = Debug|Any CPU
		{070D31F1-C05C-4C48-806C-209D55482EDC}.Release|Any CPU.ActiveCfg = Release|Any CPU
		{070D31F1-C05C-4C48-806C-209D55482EDC}.Release|Any CPU.Build.0 = Release|Any CPU
		{00A30424-8C00-4DD7-8758-0052DE8B1EFB}.Debug|Any CPU.ActiveCfg = Debug|Any CPU
		{00A30424-8C00-4DD7-8758-0052DE8B1EFB}.Debug|Any CPU.Build.0 = Debug|Any CPU
		{00A30424-8C00-4DD7-8758-0052DE8B1EFB}.Release|Any CPU.ActiveCfg = Release|Any CPU
		{00A30424-8C00-4DD7-8758-0052DE8B1EFB}.Release|Any CPU.Build.0 = Release|Any CPU
	EndGlobalSection
	GlobalSection(SolutionProperties) = preSolution
		HideSolutionNode = FALSE
	EndGlobalSection
	GlobalSection(NestedProjects) = preSolution
		{00A30424-8C00-4DD7-8758-0052DE8B1EFB} = {39F94491-8495-4B8A-8713-DB4ACD706296}
	EndGlobalSection
	GlobalSection(ExtensibilityGlobals) = postSolution
		SolutionGuid = {267E4C80-EC9E-4994-8A59-904D46CA187A}
	EndGlobalSection
EndGlobal
